
Microsoft Visual Studio Solution File, Format Version 12.00
# Visual Studio Version 17
VisualStudioVersion = 17.10.35027.167
MinimumVisualStudioVersion = 10.0.40219.1
Project("{9A19103F-16F7-4668-BE54-9A1E7A4F7556}") = "LuccaExpenses.Api", "LuccaExpenses.Api\LuccaExpenses.Api.csproj", "{D846E21A-08F5-40F6-B031-29D9BD91BA07}"
EndProject
Project("{9A19103F-16F7-4668-BE54-9A1E7A4F7556}") = "LuccaExpenses.Tests", "LuccaExpenses.Tests\LuccaExpenses.Tests.csproj", "{31C36C4B-3602-4783-8753-BAEE0D83A5ED}"
	ProjectSection(ProjectDependencies) = postProject
		{D846E21A-08F5-40F6-B031-29D9BD91BA07} = {D846E21A-08F5-40F6-B031-29D9BD91BA07}
	EndProjectSection
EndProject
Project("{E53339B2-1760-4266-BCC7-CA923CBCF16C}") = "docker-compose", "docker-compose.dcproj", "{E2DC1749-EFC3-4D4A-8C65-4CFD2574998D}"
EndProject
Project("{2150E333-8FDC-42A3-9474-1A3956D46DE8}") = "Éléments de solution", "Éléments de solution", "{4212CA9B-D8E8-46D3-9447-552DB1545EC9}"
	ProjectSection(SolutionItems) = preProject
		.github\workflows\ci.yml = .github\workflows\ci.yml
		Dockerfile = Dockerfile
	EndProjectSection
EndProject
Global
	GlobalSection(SolutionConfigurationPlatforms) = preSolution
		Debug|Any CPU = Debug|Any CPU
		Release|Any CPU = Release|Any CPU
	EndGlobalSection
	GlobalSection(ProjectConfigurationPlatforms) = postSolution
		{D846E21A-08F5-40F6-B031-29D9BD91BA07}.Debug|Any CPU.ActiveCfg = Debug|Any CPU
		{D846E21A-08F5-40F6-B031-29D9BD91BA07}.Debug|Any CPU.Build.0 = Debug|Any CPU
		{D846E21A-08F5-40F6-B031-29D9BD91BA07}.Release|Any CPU.ActiveCfg = Release|Any CPU
		{D846E21A-08F5-40F6-B031-29D9BD91BA07}.Release|Any CPU.Build.0 = Release|Any CPU
		{31C36C4B-3602-4783-8753-BAEE0D83A5ED}.Debug|Any CPU.ActiveCfg = Debug|Any CPU
		{31C36C4B-3602-4783-8753-BAEE0D83A5ED}.Debug|Any CPU.Build.0 = Debug|Any CPU
		{31C36C4B-3602-4783-8753-BAEE0D83A5ED}.Release|Any CPU.ActiveCfg = Release|Any CPU
		{31C36C4B-3602-4783-8753-BAEE0D83A5ED}.Release|Any CPU.Build.0 = Release|Any CPU
		{E2DC1749-EFC3-4D4A-8C65-4CFD2574998D}.Debug|Any CPU.ActiveCfg = Debug|Any CPU
		{E2DC1749-EFC3-4D4A-8C65-4CFD2574998D}.Debug|Any CPU.Build.0 = Debug|Any CPU
		{E2DC1749-EFC3-4D4A-8C65-4CFD2574998D}.Release|Any CPU.ActiveCfg = Release|Any CPU
		{E2DC1749-EFC3-4D4A-8C65-4CFD2574998D}.Release|Any CPU.Build.0 = Release|Any CPU
	EndGlobalSection
	GlobalSection(SolutionProperties) = preSolution
		HideSolutionNode = FALSE
	EndGlobalSection
	GlobalSection(ExtensibilityGlobals) = postSolution
		SolutionGuid = {08E3DF2E-CAA0-4A1A-9568-4770540280FF}
	EndGlobalSection
EndGlobal
